
Microsoft Visual Studio Solution File, Format Version 12.00
# Visual Studio Version 16
VisualStudioVersion = 16.0.29209.62
MinimumVisualStudioVersion = 10.0.40219.1
Project("{FAE04EC0-301F-11D3-BF4B-00C04F79EFBC}") = "Repo", "Repo\Repo.csproj", "{DAD3A291-E0A3-49EB-ADCD-F8CC9A9A9434}"
EndProject
Global
	GlobalSection(SolutionConfigurationPlatforms) = preSolution
		Debug|Any CPU = Debug|Any CPU
		Release|Any CPU = Release|Any CPU
	EndGlobalSection
	GlobalSection(ProjectConfigurationPlatforms) = postSolution
		{DAD3A291-E0A3-49EB-ADCD-F8CC9A9A9434}.Debug|Any CPU.ActiveCfg = Debug|Any CPU
		{DAD3A291-E0A3-49EB-ADCD-F8CC9A9A9434}.Debug|Any CPU.Build.0 = Debug|Any CPU
		{DAD3A291-E0A3-49EB-ADCD-F8CC9A9A9434}.Release|Any CPU.ActiveCfg = Release|Any CPU
		{DAD3A291-E0A3-49EB-ADCD-F8CC9A9A9434}.Release|Any CPU.Build.0 = Release|Any CPU
	EndGlobalSection
	GlobalSection(SolutionProperties) = preSolution
		HideSolutionNode = FALSE
	EndGlobalSection
	GlobalSection(ExtensibilityGlobals) = postSolution
		SolutionGuid = {1E754EF0-4150-43BD-B162-2BD338C4A92F}
	EndGlobalSection
EndGlobal
